
Microsoft Visual Studio Solution File, Format Version 12.00
# Visual Studio Version 16
VisualStudioVersion = 25.0.1706.14
MinimumVisualStudioVersion = 10.0.40219.1
Project("{FAE04EC0-301F-11D3-BF4B-00C04F79EFBC}") = "EcommerceApp", "EcommerceApp.csproj", "{214177D5-50DB-40B6-9E9B-0A8E7FA5012C}"
EndProject
Global
	GlobalSection(SolutionConfigurationPlatforms) = preSolution
		Debug|Any CPU = Debug|Any CPU
		Release|Any CPU = Release|Any CPU
	EndGlobalSection
	GlobalSection(ProjectConfigurationPlatforms) = postSolution
		{214177D5-50DB-40B6-9E9B-0A8E7FA5012C}.Debug|Any CPU.ActiveCfg = Debug|Any CPU
		{214177D5-50DB-40B6-9E9B-0A8E7FA5012C}.Debug|Any CPU.Build.0 = Debug|Any CPU
		{214177D5-50DB-40B6-9E9B-0A8E7FA5012C}.Release|Any CPU.ActiveCfg = Release|Any CPU
		{214177D5-50DB-40B6-9E9B-0A8E7FA5012C}.Release|Any CPU.Build.0 = Release|Any CPU
	EndGlobalSection
	GlobalSection(SolutionProperties) = preSolution
		HideSolutionNode = FALSE
	EndGlobalSection
	GlobalSection(ExtensibilityGlobals) = postSolution
		SolutionGuid = {0F53B0A2-3541-4CCE-8B2E-16966A024F0D}
	EndGlobalSection
EndGlobal
